// !$*UTF8*$!
{
	archiveVersion = 1;
	classes = {
	};
	objectVersion = 56;
	objects = {

/* Begin PBXBuildFile section */
		EC84B9E32ABF63BE00A8C47F /* AppDelegate.swift in Sources */ = {isa = PBXBuildFile; fileRef = EC84B9E22ABF63BE00A8C47F /* AppDelegate.swift */; };
		EC84B9E52ABF63BE00A8C47F /* SceneDelegate.swift in Sources */ = {isa = PBXBuildFile; fileRef = EC84B9E42ABF63BE00A8C47F /* SceneDelegate.swift */; };
		EC84B9E72ABF63BE00A8C47F /* ViewController.swift in Sources */ = {isa = PBXBuildFile; fileRef = EC84B9E62ABF63BE00A8C47F /* ViewController.swift */; };
		EC84B9EA2ABF63BE00A8C47F /* Main.storyboard in Resources */ = {isa = PBXBuildFile; fileRef = EC84B9E82ABF63BE00A8C47F /* Main.storyboard */; };
		EC84B9EC2ABF63C100A8C47F /* Assets.xcassets in Resources */ = {isa = PBXBuildFile; fileRef = EC84B9EB2ABF63C100A8C47F /* Assets.xcassets */; };
		EC84B9EF2ABF63C100A8C47F /* LaunchScreen.storyboard in Resources */ = {isa = PBXBuildFile; fileRef = EC84B9ED2ABF63C100A8C47F /* LaunchScreen.storyboard */; };
		EC84B9F72ABF63E400A8C47F /* FirestoreService.swift in Sources */ = {isa = PBXBuildFile; fileRef = EC84B9F62ABF63E400A8C47F /* FirestoreService.swift */; };
		EC84B9FA2ABF65B500A8C47F /* FirebaseAuth in Frameworks */ = {isa = PBXBuildFile; productRef = EC84B9F92ABF65B500A8C47F /* FirebaseAuth */; };
		EC84B9FC2ABF65B500A8C47F /* FirebaseFirestore in Frameworks */ = {isa = PBXBuildFile; productRef = EC84B9FB2ABF65B500A8C47F /* FirebaseFirestore */; };
		EC84B9FE2ABF65B500A8C47F /* FirebaseFirestoreSwift in Frameworks */ = {isa = PBXBuildFile; productRef = EC84B9FD2ABF65B500A8C47F /* FirebaseFirestoreSwift */; };
		EC84BA002ABF6A9600A8C47F /* GoogleService-Info.plist in Resources */ = {isa = PBXBuildFile; fileRef = EC84B9FF2ABF6A9500A8C47F /* GoogleService-Info.plist */; };
		EC84BA022ABF7ACF00A8C47F /* Player.swift in Sources */ = {isa = PBXBuildFile; fileRef = EC84BA012ABF7ACF00A8C47F /* Player.swift */; };
		EC84BA042ABF7B2800A8C47F /* Task.swift in Sources */ = {isa = PBXBuildFile; fileRef = EC84BA032ABF7B2800A8C47F /* Task.swift */; };
		EC84BA072AC037D800A8C47F /* UserType.swift in Sources */ = {isa = PBXBuildFile; fileRef = EC84BA062AC037D800A8C47F /* UserType.swift */; };
/* End PBXBuildFile section */

/* Begin PBXFileReference section */
		EC84B9DF2ABF63BE00A8C47F /* FireStoreReferenceTest.app */ = {isa = PBXFileReference; explicitFileType = wrapper.application; includeInIndex = 0; path = FireStoreReferenceTest.app; sourceTree = BUILT_PRODUCTS_DIR; };
		EC84B9E22ABF63BE00A8C47F /* AppDelegate.swift */ = {isa = PBXFileReference; lastKnownFileType = sourcecode.swift; path = AppDelegate.swift; sourceTree = "<group>"; };
		EC84B9E42ABF63BE00A8C47F /* SceneDelegate.swift */ = {isa = PBXFileReference; lastKnownFileType = sourcecode.swift; path = SceneDelegate.swift; sourceTree = "<group>"; };
		EC84B9E62ABF63BE00A8C47F /* ViewController.swift */ = {isa = PBXFileReference; lastKnownFileType = sourcecode.swift; path = ViewController.swift; sourceTree = "<group>"; };
		EC84B9E92ABF63BE00A8C47F /* Base */ = {isa = PBXFileReference; lastKnownFileType = file.storyboard; name = Base; path = Base.lproj/Main.storyboard; sourceTree = "<group>"; };
		EC84B9EB2ABF63C100A8C47F /* Assets.xcassets */ = {isa = PBXFileReference; lastKnownFileType = folder.assetcatalog; path = Assets.xcassets; sourceTree = "<group>"; };
		EC84B9EE2ABF63C100A8C47F /* Base */ = {isa = PBXFileReference; lastKnownFileType = file.storyboard; name = Base; path = Base.lproj/LaunchScreen.storyboard; sourceTree = "<group>"; };
		EC84B9F02ABF63C100A8C47F /* Info.plist */ = {isa = PBXFileReference; lastKnownFileType = text.plist.xml; path = Info.plist; sourceTree = "<group>"; };
		EC84B9F62ABF63E400A8C47F /* FirestoreService.swift */ = {isa = PBXFileReference; lastKnownFileType = sourcecode.swift; path = FirestoreService.swift; sourceTree = "<group>"; };
		EC84B9FF2ABF6A9500A8C47F /* GoogleService-Info.plist */ = {isa = PBXFileReference; fileEncoding = 4; lastKnownFileType = text.plist.xml; path = "GoogleService-Info.plist"; sourceTree = "<group>"; };
		EC84BA012ABF7ACF00A8C47F /* Player.swift */ = {isa = PBXFileReference; lastKnownFileType = sourcecode.swift; path = Player.swift; sourceTree = "<group>"; };
		EC84BA032ABF7B2800A8C47F /* Task.swift */ = {isa = PBXFileReference; lastKnownFileType = sourcecode.swift; path = Task.swift; sourceTree = "<group>"; };
		EC84BA062AC037D800A8C47F /* UserType.swift */ = {isa = PBXFileReference; lastKnownFileType = sourcecode.swift; path = UserType.swift; sourceTree = "<group>"; };
/* End PBXFileReference section */

/* Begin PBXFrameworksBuildPhase section */
		EC84B9DC2ABF63BE00A8C47F /* Frameworks */ = {
			isa = PBXFrameworksBuildPhase;
			buildActionMask = 2147483647;
			files = (
				EC84B9FA2ABF65B500A8C47F /* FirebaseAuth in Frameworks */,
				EC84B9FC2ABF65B500A8C47F /* FirebaseFirestore in Frameworks */,
				EC84B9FE2ABF65B500A8C47F /* FirebaseFirestoreSwift in Frameworks */,
			);
			runOnlyForDeploymentPostprocessing = 0;
		};
/* End PBXFrameworksBuildPhase section */

/* Begin PBXGroup section */
		EC84B9D62ABF63BE00A8C47F = {
			isa = PBXGroup;
			children = (
				EC84B9E12ABF63BE00A8C47F /* FireStoreReferenceTest */,
				EC84B9E02ABF63BE00A8C47F /* Products */,
			);
			sourceTree = "<group>";
		};
		EC84B9E02ABF63BE00A8C47F /* Products */ = {
			isa = PBXGroup;
			children = (
				EC84B9DF2ABF63BE00A8C47F /* FireStoreReferenceTest.app */,
			);
			name = Products;
			sourceTree = "<group>";
		};
		EC84B9E12ABF63BE00A8C47F /* FireStoreReferenceTest */ = {
			isa = PBXGroup;
			children = (
				EC84BA052ABF7B3200A8C47F /* Models */,
				EC84B9F62ABF63E400A8C47F /* FirestoreService.swift */,
				EC84B9E22ABF63BE00A8C47F /* AppDelegate.swift */,
				EC84B9E42ABF63BE00A8C47F /* SceneDelegate.swift */,
				EC84B9E62ABF63BE00A8C47F /* ViewController.swift */,
				EC84B9E82ABF63BE00A8C47F /* Main.storyboard */,
				EC84B9EB2ABF63C100A8C47F /* Assets.xcassets */,
				EC84B9ED2ABF63C100A8C47F /* LaunchScreen.storyboard */,
				EC84B9F02ABF63C100A8C47F /* Info.plist */,
				EC84B9FF2ABF6A9500A8C47F /* GoogleService-Info.plist */,
			);
			path = FireStoreReferenceTest;
			sourceTree = "<group>";
		};
		EC84BA052ABF7B3200A8C47F /* Models */ = {
			isa = PBXGroup;
			children = (
				EC84BA012ABF7ACF00A8C47F /* Player.swift */,
				EC84BA032ABF7B2800A8C47F /* Task.swift */,
				EC84BA062AC037D800A8C47F /* UserType.swift */,
			);
			path = Models;
			sourceTree = "<group>";
		};
/* End PBXGroup section */

/* Begin PBXNativeTarget section */
		EC84B9DE2ABF63BE00A8C47F /* FireStoreReferenceTest */ = {
			isa = PBXNativeTarget;
			buildConfigurationList = EC84B9F32ABF63C100A8C47F /* Build configuration list for PBXNativeTarget "FireStoreReferenceTest" */;
			buildPhases = (
				EC84B9DB2ABF63BE00A8C47F /* Sources */,
				EC84B9DC2ABF63BE00A8C47F /* Frameworks */,
				EC84B9DD2ABF63BE00A8C47F /* Resources */,
			);
			buildRules = (
			);
			dependencies = (
			);
			name = FireStoreReferenceTest;
			packageProductDependencies = (
				EC84B9F92ABF65B500A8C47F /* FirebaseAuth */,
				EC84B9FB2ABF65B500A8C47F /* FirebaseFirestore */,
				EC84B9FD2ABF65B500A8C47F /* FirebaseFirestoreSwift */,
			);
			productName = FireStoreReferenceTest;
			productReference = EC84B9DF2ABF63BE00A8C47F /* FireStoreReferenceTest.app */;
			productType = "com.apple.product-type.application";
		};
/* End PBXNativeTarget section */

/* Begin PBXProject section */
		EC84B9D72ABF63BE00A8C47F /* Project object */ = {
			isa = PBXProject;
			attributes = {
				BuildIndependentTargetsInParallel = 1;
				LastSwiftUpdateCheck = 1430;
				LastUpgradeCheck = 1430;
				TargetAttributes = {
					EC84B9DE2ABF63BE00A8C47F = {
						CreatedOnToolsVersion = 14.3.1;
					};
				};
			};
			buildConfigurationList = EC84B9DA2ABF63BE00A8C47F /* Build configuration list for PBXProject "FireStoreReferenceTest" */;
			compatibilityVersion = "Xcode 14.0";
			developmentRegion = en;
			hasScannedForEncodings = 0;
			knownRegions = (
				en,
				Base,
			);
			mainGroup = EC84B9D62ABF63BE00A8C47F;
			packageReferences = (
				EC84B9F82ABF65B500A8C47F /* XCRemoteSwiftPackageReference "firebase-ios-sdk" */,
			);
			productRefGroup = EC84B9E02ABF63BE00A8C47F /* Products */;
			projectDirPath = "";
			projectRoot = "";
			targets = (
				EC84B9DE2ABF63BE00A8C47F /* FireStoreReferenceTest */,
			);
		};
/* End PBXProject section */

/* Begin PBXResourcesBuildPhase section */
		EC84B9DD2ABF63BE00A8C47F /* Resources */ = {
			isa = PBXResourcesBuildPhase;
			buildActionMask = 2147483647;
			files = (
				EC84B9EF2ABF63C100A8C47F /* LaunchScreen.storyboard in Resources */,
				EC84B9EC2ABF63C100A8C47F /* Assets.xcassets in Resources */,
				EC84BA002ABF6A9600A8C47F /* GoogleService-Info.plist in Resources */,
				EC84B9EA2ABF63BE00A8C47F /* Main.storyboard in Resources */,
			);
			runOnlyForDeploymentPostprocessing = 0;
		};
/* End PBXResourcesBuildPhase section */

/* Begin PBXSourcesBuildPhase section */
		EC84B9DB2ABF63BE00A8C47F /* Sources */ = {
			isa = PBXSourcesBuildPhase;
			buildActionMask = 2147483647;
			files = (
				EC84B9E72ABF63BE00A8C47F /* ViewController.swift in Sources */,
				EC84B9F72ABF63E400A8C47F /* FirestoreService.swift in Sources */,
				EC84BA072AC037D800A8C47F /* UserType.swift in Sources */,
				EC84B9E32ABF63BE00A8C47F /* AppDelegate.swift in Sources */,
				EC84BA022ABF7ACF00A8C47F /* Player.swift in Sources */,
				EC84BA042ABF7B2800A8C47F /* Task.swift in Sources */,
				EC84B9E52ABF63BE00A8C47F /* SceneDelegate.swift in Sources */,
			);
			runOnlyForDeploymentPostprocessing = 0;
		};
/* End PBXSourcesBuildPhase section */

/* Begin PBXVariantGroup section */
		EC84B9E82ABF63BE00A8C47F /* Main.storyboard */ = {
			isa = PBXVariantGroup;
			children = (
				EC84B9E92ABF63BE00A8C47F /* Base */,
			);
			name = Main.storyboard;
			sourceTree = "<group>";
		};
		EC84B9ED2ABF63C100A8C47F /* LaunchScreen.storyboard */ = {
			isa = PBXVariantGroup;
			children = (
				EC84B9EE2ABF63C100A8C47F /* Base */,
			);
			name = LaunchScreen.storyboard;
			sourceTree = "<group>";
		};
/* End PBXVariantGroup section */

/* Begin XCBuildConfiguration section */
		EC84B9F12ABF63C100A8C47F /* Debug */ = {
			isa = XCBuildConfiguration;
			buildSettings = {
				ALWAYS_SEARCH_USER_PATHS = NO;
				CLANG_ANALYZER_NONNULL = YES;
				CLANG_ANALYZER_NUMBER_OBJECT_CONVERSION = YES_AGGRESSIVE;
				CLANG_CXX_LANGUAGE_STANDARD = "gnu++20";
				CLANG_ENABLE_MODULES = YES;
				CLANG_ENABLE_OBJC_ARC = YES;
				CLANG_ENABLE_OBJC_WEAK = YES;
				CLANG_WARN_BLOCK_CAPTURE_AUTORELEASING = YES;
				CLANG_WARN_BOOL_CONVERSION = YES;
				CLANG_WARN_COMMA = YES;
				CLANG_WARN_CONSTANT_CONVERSION = YES;
				CLANG_WARN_DEPRECATED_OBJC_IMPLEMENTATIONS = YES;
				CLANG_WARN_DIRECT_OBJC_ISA_USAGE = YES_ERROR;
				CLANG_WARN_DOCUMENTATION_COMMENTS = YES;
				CLANG_WARN_EMPTY_BODY = YES;
				CLANG_WARN_ENUM_CONVERSION = YES;
				CLANG_WARN_INFINITE_RECURSION = YES;
				CLANG_WARN_INT_CONVERSION = YES;
				CLANG_WARN_NON_LITERAL_NULL_CONVERSION = YES;
				CLANG_WARN_OBJC_IMPLICIT_RETAIN_SELF = YES;
				CLANG_WARN_OBJC_LITERAL_CONVERSION = YES;
				CLANG_WARN_OBJC_ROOT_CLASS = YES_ERROR;
				CLANG_WARN_QUOTED_INCLUDE_IN_FRAMEWORK_HEADER = YES;
				CLANG_WARN_RANGE_LOOP_ANALYSIS = YES;
				CLANG_WARN_STRICT_PROTOTYPES = YES;
				CLANG_WARN_SUSPICIOUS_MOVE = YES;
				CLANG_WARN_UNGUARDED_AVAILABILITY = YES_AGGRESSIVE;
				CLANG_WARN_UNREACHABLE_CODE = YES;
				CLANG_WARN__DUPLICATE_METHOD_MATCH = YES;
				COPY_PHASE_STRIP = NO;
				DEBUG_INFORMATION_FORMAT = dwarf;
				ENABLE_STRICT_OBJC_MSGSEND = YES;
				ENABLE_TESTABILITY = YES;
				GCC_C_LANGUAGE_STANDARD = gnu11;
				GCC_DYNAMIC_NO_PIC = NO;
				GCC_NO_COMMON_BLOCKS = YES;
				GCC_OPTIMIZATION_LEVEL = 0;
				GCC_PREPROCESSOR_DEFINITIONS = (
					"DEBUG=1",
					"$(inherited)",
				);
				GCC_WARN_64_TO_32_BIT_CONVERSION = YES;
				GCC_WARN_ABOUT_RETURN_TYPE = YES_ERROR;
				GCC_WARN_UNDECLARED_SELECTOR = YES;
				GCC_WARN_UNINITIALIZED_AUTOS = YES_AGGRESSIVE;
				GCC_WARN_UNUSED_FUNCTION = YES;
				GCC_WARN_UNUSED_VARIABLE = YES;
				IPHONEOS_DEPLOYMENT_TARGET = 16.4;
				MTL_ENABLE_DEBUG_INFO = INCLUDE_SOURCE;
				MTL_FAST_MATH = YES;
				ONLY_ACTIVE_ARCH = YES;
				SDKROOT = iphoneos;
				SWIFT_ACTIVE_COMPILATION_CONDITIONS = DEBUG;
				SWIFT_OPTIMIZATION_LEVEL = "-Onone";
			};
			name = Debug;
		};
		EC84B9F22ABF63C100A8C47F /* Release */ = {
			isa = XCBuildConfiguration;
			buildSettings = {
				ALWAYS_SEARCH_USER_PATHS = NO;
				CLANG_ANALYZER_NONNULL = YES;
				CLANG_ANALYZER_NUMBER_OBJECT_CONVERSION = YES_AGGRESSIVE;
				CLANG_CXX_LANGUAGE_STANDARD = "gnu++20";
				CLANG_ENABLE_MODULES = YES;
				CLANG_ENABLE_OBJC_ARC = YES;
				CLANG_ENABLE_OBJC_WEAK = YES;
				CLANG_WARN_BLOCK_CAPTURE_AUTORELEASING = YES;
				CLANG_WARN_BOOL_CONVERSION = YES;
				CLANG_WARN_COMMA = YES;
				CLANG_WARN_CONSTANT_CONVERSION = YES;
				CLANG_WARN_DEPRECATED_OBJC_IMPLEMENTATIONS = YES;
				CLANG_WARN_DIRECT_OBJC_ISA_USAGE = YES_ERROR;
				CLANG_WARN_DOCUMENTATION_COMMENTS = YES;
				CLANG_WARN_EMPTY_BODY = YES;
				CLANG_WARN_ENUM_CONVERSION = YES;
				CLANG_WARN_INFINITE_RECURSION = YES;
				CLANG_WARN_INT_CONVERSION = YES;
				CLANG_WARN_NON_LITERAL_NULL_CONVERSION = YES;
				CLANG_WARN_OBJC_IMPLICIT_RETAIN_SELF = YES;
				CLANG_WARN_OBJC_LITERAL_CONVERSION = YES;
				CLANG_WARN_OBJC_ROOT_CLASS = YES_ERROR;
				CLANG_WARN_QUOTED_INCLUDE_IN_FRAMEWORK_HEADER = YES;
				CLANG_WARN_RANGE_LOOP_ANALYSIS = YES;
				CLANG_WARN_STRICT_PROTOTYPES = YES;
				CLANG_WARN_SUSPICIOUS_MOVE = YES;
				CLANG_WARN_UNGUARDED_AVAILABILITY = YES_AGGRESSIVE;
				CLANG_WARN_UNREACHABLE_CODE = YES;
				CLANG_WARN__DUPLICATE_METHOD_MATCH = YES;
				COPY_PHASE_STRIP = NO;
				DEBUG_INFORMATION_FORMAT = "dwarf-with-dsym";
				ENABLE_NS_ASSERTIONS = NO;
				ENABLE_STRICT_OBJC_MSGSEND = YES;
				GCC_C_LANGUAGE_STANDARD = gnu11;
				GCC_NO_COMMON_BLOCKS = YES;
				GCC_WARN_64_TO_32_BIT_CONVERSION = YES;
				GCC_WARN_ABOUT_RETURN_TYPE = YES_ERROR;
				GCC_WARN_UNDECLARED_SELECTOR = YES;
				GCC_WARN_UNINITIALIZED_AUTOS = YES_AGGRESSIVE;
				GCC_WARN_UNUSED_FUNCTION = YES;
				GCC_WARN_UNUSED_VARIABLE = YES;
				IPHONEOS_DEPLOYMENT_TARGET = 16.4;
				MTL_ENABLE_DEBUG_INFO = NO;
				MTL_FAST_MATH = YES;
				SDKROOT = iphoneos;
				SWIFT_COMPILATION_MODE = wholemodule;
				SWIFT_OPTIMIZATION_LEVEL = "-O";
				VALIDATE_PRODUCT = YES;
			};
			name = Release;
		};
		EC84B9F42ABF63C100A8C47F /* Debug */ = {
			isa = XCBuildConfiguration;
			buildSettings = {
				ASSETCATALOG_COMPILER_APPICON_NAME = AppIcon;
				ASSETCATALOG_COMPILER_GLOBAL_ACCENT_COLOR_NAME = AccentColor;
				CODE_SIGN_STYLE = Automatic;
				CURRENT_PROJECT_VERSION = 1;
				DEVELOPMENT_TEAM = 6RRYH7RTN7;
				GENERATE_INFOPLIST_FILE = YES;
				INFOPLIST_FILE = FireStoreReferenceTest/Info.plist;
				INFOPLIST_KEY_UIApplicationSupportsIndirectInputEvents = YES;
				INFOPLIST_KEY_UILaunchStoryboardName = LaunchScreen;
				INFOPLIST_KEY_UIMainStoryboardFile = Main;
				INFOPLIST_KEY_UISupportedInterfaceOrientations_iPad = "UIInterfaceOrientationPortrait UIInterfaceOrientationPortraitUpsideDown UIInterfaceOrientationLandscapeLeft UIInterfaceOrientationLandscapeRight";
				INFOPLIST_KEY_UISupportedInterfaceOrientations_iPhone = "UIInterfaceOrientationPortrait UIInterfaceOrientationLandscapeLeft UIInterfaceOrientationLandscapeRight";
				LD_RUNPATH_SEARCH_PATHS = (
					"$(inherited)",
					"@executable_path/Frameworks",
				);
				MARKETING_VERSION = 1.0;
				PRODUCT_BUNDLE_IDENTIFIER = lyapin.dev.FireStoreReferenceTest2309;
				PRODUCT_NAME = "$(TARGET_NAME)";
				SWIFT_EMIT_LOC_STRINGS = YES;
				SWIFT_VERSION = 5.0;
				TARGETED_DEVICE_FAMILY = "1,2";
			};
			name = Debug;
		};
		EC84B9F52ABF63C100A8C47F /* Release */ = {
			isa = XCBuildConfiguration;
			buildSettings = {
				ASSETCATALOG_COMPILER_APPICON_NAME = AppIcon;
				ASSETCATALOG_COMPILER_GLOBAL_ACCENT_COLOR_NAME = AccentColor;
				CODE_SIGN_STYLE = Automatic;
				CURRENT_PROJECT_VERSION = 1;
				DEVELOPMENT_TEAM = 6RRYH7RTN7;
				GENERATE_INFOPLIST_FILE = YES;
				INFOPLIST_FILE = FireStoreReferenceTest/Info.plist;
				INFOPLIST_KEY_UIApplicationSupportsIndirectInputEvents = YES;
				INFOPLIST_KEY_UILaunchStoryboardName = LaunchScreen;
				INFOPLIST_KEY_UIMainStoryboardFile = Main;
				INFOPLIST_KEY_UISupportedInterfaceOrientations_iPad = "UIInterfaceOrientationPortrait UIInterfaceOrientationPortraitUpsideDown UIInterfaceOrientationLandscapeLeft UIInterfaceOrientationLandscapeRight";
				INFOPLIST_KEY_UISupportedInterfaceOrientations_iPhone = "UIInterfaceOrientationPortrait UIInterfaceOrientationLandscapeLeft UIInterfaceOrientationLandscapeRight";
				LD_RUNPATH_SEARCH_PATHS = (
					"$(inherited)",
					"@executable_path/Frameworks",
				);
				MARKETING_VERSION = 1.0;
				PRODUCT_BUNDLE_IDENTIFIER = lyapin.dev.FireStoreReferenceTest2309;
				PRODUCT_NAME = "$(TARGET_NAME)";
				SWIFT_EMIT_LOC_STRINGS = YES;
				SWIFT_VERSION = 5.0;
				TARGETED_DEVICE_FAMILY = "1,2";
			};
			name = Release;
		};
/* End XCBuildConfiguration section */

/* Begin XCConfigurationList section */
		EC84B9DA2ABF63BE00A8C47F /* Build configuration list for PBXProject "FireStoreReferenceTest" */ = {
			isa = XCConfigurationList;
			buildConfigurations = (
				EC84B9F12ABF63C100A8C47F /* Debug */,
				EC84B9F22ABF63C100A8C47F /* Release */,
			);
			defaultConfigurationIsVisible = 0;
			defaultConfigurationName = Release;
		};
		EC84B9F32ABF63C100A8C47F /* Build configuration list for PBXNativeTarget "FireStoreReferenceTest" */ = {
			isa = XCConfigurationList;
			buildConfigurations = (
				EC84B9F42ABF63C100A8C47F /* Debug */,
				EC84B9F52ABF63C100A8C47F /* Release */,
			);
			defaultConfigurationIsVisible = 0;
			defaultConfigurationName = Release;
		};
/* End XCConfigurationList section */

/* Begin XCRemoteSwiftPackageReference section */
		EC84B9F82ABF65B500A8C47F /* XCRemoteSwiftPackageReference "firebase-ios-sdk" */ = {
			isa = XCRemoteSwiftPackageReference;
			repositoryURL = "https://github.com/firebase/firebase-ios-sdk";
			requirement = {
				kind = upToNextMajorVersion;
				minimumVersion = 10.0.0;
			};
		};
/* End XCRemoteSwiftPackageReference section */

/* Begin XCSwiftPackageProductDependency section */
		EC84B9F92ABF65B500A8C47F /* FirebaseAuth */ = {
			isa = XCSwiftPackageProductDependency;
			package = EC84B9F82ABF65B500A8C47F /* XCRemoteSwiftPackageReference "firebase-ios-sdk" */;
			productName = FirebaseAuth;
		};
		EC84B9FB2ABF65B500A8C47F /* FirebaseFirestore */ = {
			isa = XCSwiftPackageProductDependency;
			package = EC84B9F82ABF65B500A8C47F /* XCRemoteSwiftPackageReference "firebase-ios-sdk" */;
			productName = FirebaseFirestore;
		};
		EC84B9FD2ABF65B500A8C47F /* FirebaseFirestoreSwift */ = {
			isa = XCSwiftPackageProductDependency;
			package = EC84B9F82ABF65B500A8C47F /* XCRemoteSwiftPackageReference "firebase-ios-sdk" */;
			productName = FirebaseFirestoreSwift;
		};
/* End XCSwiftPackageProductDependency section */
	};
	rootObject = EC84B9D72ABF63BE00A8C47F /* Project object */;
}
